
Microsoft Visual Studio Solution File, Format Version 12.00
# Visual Studio Version 16
VisualStudioVersion = 16.0.30114.105
MinimumVisualStudioVersion = 10.0.40219.1
Project("{2150E333-8FDC-42A3-9474-1A3956D46DE8}") = "src", "src", "{2C235F3D-E619-4B37-9ACC-EB74C298B269}"
EndProject
Project("{F2A71F9B-5D33-465A-A702-920D77279786}") = "Runner", "src\Runner\Runner.fsproj", "{C2C2BC38-9FC1-4EAB-8F89-3F7E7D4B016B}"
EndProject
Project("{2150E333-8FDC-42A3-9474-1A3956D46DE8}") = "test", "test", "{9EA618C6-F98E-4238-9E91-38D590099CEC}"
EndProject
Project("{2150E333-8FDC-42A3-9474-1A3956D46DE8}") = "2018", "2018", "{3694D068-2A60-4BB3-851A-9FD559C1452D}"
EndProject
Project("{F2A71F9B-5D33-465A-A702-920D77279786}") = "Tests", "test\2018\Day1\Tests.fsproj", "{431FF328-8E76-4254-920A-440F2D916AB8}"
EndProject
Project("{F2A71F9B-5D33-465A-A702-920D77279786}") = "Day9Test", "test\2018\Day9\Day9Test.fsproj", "{4ADCDFF0-3141-4E5C-A06F-E5A9BBB2CD76}"
EndProject
Project("{2150E333-8FDC-42A3-9474-1A3956D46DE8}") = "2018", "2018", "{011CC604-D709-4B83-90F5-98F10A478BB3}"
EndProject
Project("{F2A71F9B-5D33-465A-A702-920D77279786}") = "day9", "src\2018\day9\day9.fsproj", "{DEBC209D-8546-43D5-84A1-B0EE9130CCD0}"
EndProject
Project("{F2A71F9B-5D33-465A-A702-920D77279786}") = "Day13Test", "test\2018\Day13\Day13Test.fsproj", "{3B257E2B-F66B-4E8E-BDBA-12C6D7DD3066}"
EndProject
Project("{F2A71F9B-5D33-465A-A702-920D77279786}") = "day14", "src\2018\day14\day14.fsproj", "{203BEE3B-4A9E-4A85-808D-C92E2F469D83}"
EndProject
Project("{F2A71F9B-5D33-465A-A702-920D77279786}") = "Day14Test", "test\2018\Day14\Day14Test.fsproj", "{2E662D08-FFD3-402E-9810-118AEFCD7606}"
EndProject
Project("{F2A71F9B-5D33-465A-A702-920D77279786}") = "Day15Test", "test\2018\Day15\Day15Test.fsproj", "{1F517F71-608D-488A-A7C6-788EBC6AE45C}"
EndProject
Project("{F2A71F9B-5D33-465A-A702-920D77279786}") = "day15", "src\2018\day15\day15.fsproj", "{6C24092B-0BCC-4D90-B79D-F8DB05586CCF}"
EndProject
Project("{F2A71F9B-5D33-465A-A702-920D77279786}") = "Day16Test", "test\2018\Day16\Day16Test.fsproj", "{065523B8-250E-45DC-88A0-7ADE5E95BFB5}"
EndProject
Project("{F2A71F9B-5D33-465A-A702-920D77279786}") = "day16", "src\2018\day16\day16.fsproj", "{1B12170A-5AEA-4EF8-894C-07C5FD3DE8D1}"
EndProject
Project("{F2A71F9B-5D33-465A-A702-920D77279786}") = "day17", "src\2018\day17\day17.fsproj", "{A13C8CB4-8FDD-4D0B-BCCD-3C98EDBF0679}"
EndProject
Project("{F2A71F9B-5D33-465A-A702-920D77279786}") = "Day17Test", "test\2018\Day17\Day17Test.fsproj", "{BC28B3C3-5F7B-4729-91B0-58796BC1B78B}"
EndProject
Project("{F2A71F9B-5D33-465A-A702-920D77279786}") = "day18", "src\2018\day18\day18.fsproj", "{4CE08A7C-9BB6-4FB6-BA11-92EE2040C18E}"
EndProject
Project("{F2A71F9B-5D33-465A-A702-920D77279786}") = "Day18Test", "test\2018\Day18\Day18Test.fsproj", "{E2F6AA1F-5639-47B9-BF1D-D02669DC757F}"
EndProject
Project("{F2A71F9B-5D33-465A-A702-920D77279786}") = "day19", "src\2018\day19\day19.fsproj", "{78C1C345-DFFF-48C2-9301-DB3516954E6E}"
EndProject
Project("{F2A71F9B-5D33-465A-A702-920D77279786}") = "Day19Test", "test\2018\Day19\Day19Test.fsproj", "{279726E7-43A5-4A50-92A1-AFA519D4D3D0}"
EndProject
Project("{F2A71F9B-5D33-465A-A702-920D77279786}") = "day20", "src\2018\day20\day20.fsproj", "{0190B08A-5C87-45FB-A0F1-DB7604C7A7F0}"
EndProject
Project("{F2A71F9B-5D33-465A-A702-920D77279786}") = "day21", "src\2018\day21\day21.fsproj", "{FEAA7495-B8B4-4223-8EAB-3EB878412711}"
EndProject
Project("{F2A71F9B-5D33-465A-A702-920D77279786}") = "Day20Test", "test\2018\Day20\Day20Test.fsproj", "{E284A506-AC5A-4A0C-A881-37A5C9FFFE29}"
EndProject
Project("{F2A71F9B-5D33-465A-A702-920D77279786}") = "day22", "src\2018\day22\day22.fsproj", "{4B8188BA-7045-4C82-B8AE-90CCECC65579}"
EndProject
Project("{F2A71F9B-5D33-465A-A702-920D77279786}") = "Day22Test", "test\2018\Day22\Day22Test.fsproj", "{89AA2861-4D3C-487F-8FBC-6ADE1A9E0E66}"
EndProject
Project("{F2A71F9B-5D33-465A-A702-920D77279786}") = "day23", "src\2018\day23\day23.fsproj", "{D948A84D-E243-4E62-8E98-4BEB31678523}"
EndProject
Project("{F2A71F9B-5D33-465A-A702-920D77279786}") = "Day23Test", "test\2018\Day23\Day23Test.fsproj", "{C8DC3BDD-7A83-4B12-A8B0-AAE229E77333}"
EndProject
Project("{2150E333-8FDC-42A3-9474-1A3956D46DE8}") = "libs", "libs", "{6C4D298B-81FB-2B6B-5AB6-46205EDDC72C}"
EndProject
Project("{2150E333-8FDC-42A3-9474-1A3956D46DE8}") = "Years", "Years", "{71E9DF23-ECDA-8EC8-0636-BF9ABEC7DFF2}"
EndProject
Project("{F2A71F9B-5D33-465A-A702-920D77279786}") = "2018", "libs\Years\2018\2018.fsproj", "{CFC03868-46F7-4318-A1EC-D969E5CC130B}"
EndProject
Project("{F2A71F9B-5D33-465A-A702-920D77279786}") = "Utils", "libs\Utils\Utils.fsproj", "{EDDAF648-3AAB-481D-B5EB-425E8DB32E48}"
EndProject
Global
	GlobalSection(SolutionConfigurationPlatforms) = preSolution
		Debug|Any CPU = Debug|Any CPU
		Debug|x64 = Debug|x64
		Debug|x86 = Debug|x86
		Release|Any CPU = Release|Any CPU
		Release|x64 = Release|x64
		Release|x86 = Release|x86
	EndGlobalSection
	GlobalSection(ProjectConfigurationPlatforms) = postSolution
		{C2C2BC38-9FC1-4EAB-8F89-3F7E7D4B016B}.Debug|Any CPU.ActiveCfg = Debug|Any CPU
		{C2C2BC38-9FC1-4EAB-8F89-3F7E7D4B016B}.Debug|Any CPU.Build.0 = Debug|Any CPU
		{C2C2BC38-9FC1-4EAB-8F89-3F7E7D4B016B}.Debug|x64.ActiveCfg = Debug|Any CPU
		{C2C2BC38-9FC1-4EAB-8F89-3F7E7D4B016B}.Debug|x64.Build.0 = Debug|Any CPU
		{C2C2BC38-9FC1-4EAB-8F89-3F7E7D4B016B}.Debug|x86.ActiveCfg = Debug|Any CPU
		{C2C2BC38-9FC1-4EAB-8F89-3F7E7D4B016B}.Debug|x86.Build.0 = Debug|Any CPU
		{C2C2BC38-9FC1-4EAB-8F89-3F7E7D4B016B}.Release|Any CPU.ActiveCfg = Release|Any CPU
		{C2C2BC38-9FC1-4EAB-8F89-3F7E7D4B016B}.Release|Any CPU.Build.0 = Release|Any CPU
		{C2C2BC38-9FC1-4EAB-8F89-3F7E7D4B016B}.Release|x64.ActiveCfg = Release|Any CPU
		{C2C2BC38-9FC1-4EAB-8F89-3F7E7D4B016B}.Release|x64.Build.0 = Release|Any CPU
		{C2C2BC38-9FC1-4EAB-8F89-3F7E7D4B016B}.Release|x86.ActiveCfg = Release|Any CPU
		{C2C2BC38-9FC1-4EAB-8F89-3F7E7D4B016B}.Release|x86.Build.0 = Release|Any CPU
		{431FF328-8E76-4254-920A-440F2D916AB8}.Debug|Any CPU.ActiveCfg = Debug|Any CPU
		{431FF328-8E76-4254-920A-440F2D916AB8}.Debug|Any CPU.Build.0 = Debug|Any CPU
		{431FF328-8E76-4254-920A-440F2D916AB8}.Debug|x64.ActiveCfg = Debug|Any CPU
		{431FF328-8E76-4254-920A-440F2D916AB8}.Debug|x64.Build.0 = Debug|Any CPU
		{431FF328-8E76-4254-920A-440F2D916AB8}.Debug|x86.ActiveCfg = Debug|Any CPU
		{431FF328-8E76-4254-920A-440F2D916AB8}.Debug|x86.Build.0 = Debug|Any CPU
		{431FF328-8E76-4254-920A-440F2D916AB8}.Release|Any CPU.ActiveCfg = Release|Any CPU
		{431FF328-8E76-4254-920A-440F2D916AB8}.Release|Any CPU.Build.0 = Release|Any CPU
		{431FF328-8E76-4254-920A-440F2D916AB8}.Release|x64.ActiveCfg = Release|Any CPU
		{431FF328-8E76-4254-920A-440F2D916AB8}.Release|x64.Build.0 = Release|Any CPU
		{431FF328-8E76-4254-920A-440F2D916AB8}.Release|x86.ActiveCfg = Release|Any CPU
		{431FF328-8E76-4254-920A-440F2D916AB8}.Release|x86.Build.0 = Release|Any CPU
		{4ADCDFF0-3141-4E5C-A06F-E5A9BBB2CD76}.Debug|Any CPU.ActiveCfg = Debug|Any CPU
		{4ADCDFF0-3141-4E5C-A06F-E5A9BBB2CD76}.Debug|Any CPU.Build.0 = Debug|Any CPU
		{4ADCDFF0-3141-4E5C-A06F-E5A9BBB2CD76}.Debug|x64.ActiveCfg = Debug|Any CPU
		{4ADCDFF0-3141-4E5C-A06F-E5A9BBB2CD76}.Debug|x64.Build.0 = Debug|Any CPU
		{4ADCDFF0-3141-4E5C-A06F-E5A9BBB2CD76}.Debug|x86.ActiveCfg = Debug|Any CPU
		{4ADCDFF0-3141-4E5C-A06F-E5A9BBB2CD76}.Debug|x86.Build.0 = Debug|Any CPU
		{4ADCDFF0-3141-4E5C-A06F-E5A9BBB2CD76}.Release|Any CPU.ActiveCfg = Release|Any CPU
		{4ADCDFF0-3141-4E5C-A06F-E5A9BBB2CD76}.Release|Any CPU.Build.0 = Release|Any CPU
		{4ADCDFF0-3141-4E5C-A06F-E5A9BBB2CD76}.Release|x64.ActiveCfg = Release|Any CPU
		{4ADCDFF0-3141-4E5C-A06F-E5A9BBB2CD76}.Release|x64.Build.0 = Release|Any CPU
		{4ADCDFF0-3141-4E5C-A06F-E5A9BBB2CD76}.Release|x86.ActiveCfg = Release|Any CPU
		{4ADCDFF0-3141-4E5C-A06F-E5A9BBB2CD76}.Release|x86.Build.0 = Release|Any CPU
		{DEBC209D-8546-43D5-84A1-B0EE9130CCD0}.Debug|Any CPU.ActiveCfg = Debug|Any CPU
		{DEBC209D-8546-43D5-84A1-B0EE9130CCD0}.Debug|Any CPU.Build.0 = Debug|Any CPU
		{DEBC209D-8546-43D5-84A1-B0EE9130CCD0}.Debug|x64.ActiveCfg = Debug|Any CPU
		{DEBC209D-8546-43D5-84A1-B0EE9130CCD0}.Debug|x64.Build.0 = Debug|Any CPU
		{DEBC209D-8546-43D5-84A1-B0EE9130CCD0}.Debug|x86.ActiveCfg = Debug|Any CPU
		{DEBC209D-8546-43D5-84A1-B0EE9130CCD0}.Debug|x86.Build.0 = Debug|Any CPU
		{DEBC209D-8546-43D5-84A1-B0EE9130CCD0}.Release|Any CPU.ActiveCfg = Release|Any CPU
		{DEBC209D-8546-43D5-84A1-B0EE9130CCD0}.Release|Any CPU.Build.0 = Release|Any CPU
		{DEBC209D-8546-43D5-84A1-B0EE9130CCD0}.Release|x64.ActiveCfg = Release|Any CPU
		{DEBC209D-8546-43D5-84A1-B0EE9130CCD0}.Release|x64.Build.0 = Release|Any CPU
		{DEBC209D-8546-43D5-84A1-B0EE9130CCD0}.Release|x86.ActiveCfg = Release|Any CPU
		{DEBC209D-8546-43D5-84A1-B0EE9130CCD0}.Release|x86.Build.0 = Release|Any CPU
		{3B257E2B-F66B-4E8E-BDBA-12C6D7DD3066}.Debug|Any CPU.ActiveCfg = Debug|Any CPU
		{3B257E2B-F66B-4E8E-BDBA-12C6D7DD3066}.Debug|Any CPU.Build.0 = Debug|Any CPU
		{3B257E2B-F66B-4E8E-BDBA-12C6D7DD3066}.Debug|x64.ActiveCfg = Debug|Any CPU
		{3B257E2B-F66B-4E8E-BDBA-12C6D7DD3066}.Debug|x64.Build.0 = Debug|Any CPU
		{3B257E2B-F66B-4E8E-BDBA-12C6D7DD3066}.Debug|x86.ActiveCfg = Debug|Any CPU
		{3B257E2B-F66B-4E8E-BDBA-12C6D7DD3066}.Debug|x86.Build.0 = Debug|Any CPU
		{3B257E2B-F66B-4E8E-BDBA-12C6D7DD3066}.Release|Any CPU.ActiveCfg = Release|Any CPU
		{3B257E2B-F66B-4E8E-BDBA-12C6D7DD3066}.Release|Any CPU.Build.0 = Release|Any CPU
		{3B257E2B-F66B-4E8E-BDBA-12C6D7DD3066}.Release|x64.ActiveCfg = Release|Any CPU
		{3B257E2B-F66B-4E8E-BDBA-12C6D7DD3066}.Release|x64.Build.0 = Release|Any CPU
		{3B257E2B-F66B-4E8E-BDBA-12C6D7DD3066}.Release|x86.ActiveCfg = Release|Any CPU
		{3B257E2B-F66B-4E8E-BDBA-12C6D7DD3066}.Release|x86.Build.0 = Release|Any CPU
		{203BEE3B-4A9E-4A85-808D-C92E2F469D83}.Debug|Any CPU.ActiveCfg = Debug|Any CPU
		{203BEE3B-4A9E-4A85-808D-C92E2F469D83}.Debug|Any CPU.Build.0 = Debug|Any CPU
		{203BEE3B-4A9E-4A85-808D-C92E2F469D83}.Debug|x64.ActiveCfg = Debug|Any CPU
		{203BEE3B-4A9E-4A85-808D-C92E2F469D83}.Debug|x64.Build.0 = Debug|Any CPU
		{203BEE3B-4A9E-4A85-808D-C92E2F469D83}.Debug|x86.ActiveCfg = Debug|Any CPU
		{203BEE3B-4A9E-4A85-808D-C92E2F469D83}.Debug|x86.Build.0 = Debug|Any CPU
		{203BEE3B-4A9E-4A85-808D-C92E2F469D83}.Release|Any CPU.ActiveCfg = Release|Any CPU
		{203BEE3B-4A9E-4A85-808D-C92E2F469D83}.Release|Any CPU.Build.0 = Release|Any CPU
		{203BEE3B-4A9E-4A85-808D-C92E2F469D83}.Release|x64.ActiveCfg = Release|Any CPU
		{203BEE3B-4A9E-4A85-808D-C92E2F469D83}.Release|x64.Build.0 = Release|Any CPU
		{203BEE3B-4A9E-4A85-808D-C92E2F469D83}.Release|x86.ActiveCfg = Release|Any CPU
		{203BEE3B-4A9E-4A85-808D-C92E2F469D83}.Release|x86.Build.0 = Release|Any CPU
		{2E662D08-FFD3-402E-9810-118AEFCD7606}.Debug|Any CPU.ActiveCfg = Debug|Any CPU
		{2E662D08-FFD3-402E-9810-118AEFCD7606}.Debug|Any CPU.Build.0 = Debug|Any CPU
		{2E662D08-FFD3-402E-9810-118AEFCD7606}.Debug|x64.ActiveCfg = Debug|Any CPU
		{2E662D08-FFD3-402E-9810-118AEFCD7606}.Debug|x64.Build.0 = Debug|Any CPU
		{2E662D08-FFD3-402E-9810-118AEFCD7606}.Debug|x86.ActiveCfg = Debug|Any CPU
		{2E662D08-FFD3-402E-9810-118AEFCD7606}.Debug|x86.Build.0 = Debug|Any CPU
		{2E662D08-FFD3-402E-9810-118AEFCD7606}.Release|Any CPU.ActiveCfg = Release|Any CPU
		{2E662D08-FFD3-402E-9810-118AEFCD7606}.Release|Any CPU.Build.0 = Release|Any CPU
		{2E662D08-FFD3-402E-9810-118AEFCD7606}.Release|x64.ActiveCfg = Release|Any CPU
		{2E662D08-FFD3-402E-9810-118AEFCD7606}.Release|x64.Build.0 = Release|Any CPU
		{2E662D08-FFD3-402E-9810-118AEFCD7606}.Release|x86.ActiveCfg = Release|Any CPU
		{2E662D08-FFD3-402E-9810-118AEFCD7606}.Release|x86.Build.0 = Release|Any CPU
		{1F517F71-608D-488A-A7C6-788EBC6AE45C}.Debug|Any CPU.ActiveCfg = Debug|Any CPU
		{1F517F71-608D-488A-A7C6-788EBC6AE45C}.Debug|Any CPU.Build.0 = Debug|Any CPU
		{1F517F71-608D-488A-A7C6-788EBC6AE45C}.Debug|x64.ActiveCfg = Debug|Any CPU
		{1F517F71-608D-488A-A7C6-788EBC6AE45C}.Debug|x64.Build.0 = Debug|Any CPU
		{1F517F71-608D-488A-A7C6-788EBC6AE45C}.Debug|x86.ActiveCfg = Debug|Any CPU
		{1F517F71-608D-488A-A7C6-788EBC6AE45C}.Debug|x86.Build.0 = Debug|Any CPU
		{1F517F71-608D-488A-A7C6-788EBC6AE45C}.Release|Any CPU.ActiveCfg = Release|Any CPU
		{1F517F71-608D-488A-A7C6-788EBC6AE45C}.Release|Any CPU.Build.0 = Release|Any CPU
		{1F517F71-608D-488A-A7C6-788EBC6AE45C}.Release|x64.ActiveCfg = Release|Any CPU
		{1F517F71-608D-488A-A7C6-788EBC6AE45C}.Release|x64.Build.0 = Release|Any CPU
		{1F517F71-608D-488A-A7C6-788EBC6AE45C}.Release|x86.ActiveCfg = Release|Any CPU
		{1F517F71-608D-488A-A7C6-788EBC6AE45C}.Release|x86.Build.0 = Release|Any CPU
		{6C24092B-0BCC-4D90-B79D-F8DB05586CCF}.Debug|Any CPU.ActiveCfg = Debug|Any CPU
		{6C24092B-0BCC-4D90-B79D-F8DB05586CCF}.Debug|Any CPU.Build.0 = Debug|Any CPU
		{6C24092B-0BCC-4D90-B79D-F8DB05586CCF}.Debug|x64.ActiveCfg = Debug|Any CPU
		{6C24092B-0BCC-4D90-B79D-F8DB05586CCF}.Debug|x64.Build.0 = Debug|Any CPU
		{6C24092B-0BCC-4D90-B79D-F8DB05586CCF}.Debug|x86.ActiveCfg = Debug|Any CPU
		{6C24092B-0BCC-4D90-B79D-F8DB05586CCF}.Debug|x86.Build.0 = Debug|Any CPU
		{6C24092B-0BCC-4D90-B79D-F8DB05586CCF}.Release|Any CPU.ActiveCfg = Release|Any CPU
		{6C24092B-0BCC-4D90-B79D-F8DB05586CCF}.Release|Any CPU.Build.0 = Release|Any CPU
		{6C24092B-0BCC-4D90-B79D-F8DB05586CCF}.Release|x64.ActiveCfg = Release|Any CPU
		{6C24092B-0BCC-4D90-B79D-F8DB05586CCF}.Release|x64.Build.0 = Release|Any CPU
		{6C24092B-0BCC-4D90-B79D-F8DB05586CCF}.Release|x86.ActiveCfg = Release|Any CPU
		{6C24092B-0BCC-4D90-B79D-F8DB05586CCF}.Release|x86.Build.0 = Release|Any CPU
		{065523B8-250E-45DC-88A0-7ADE5E95BFB5}.Debug|Any CPU.ActiveCfg = Debug|Any CPU
		{065523B8-250E-45DC-88A0-7ADE5E95BFB5}.Debug|Any CPU.Build.0 = Debug|Any CPU
		{065523B8-250E-45DC-88A0-7ADE5E95BFB5}.Debug|x64.ActiveCfg = Debug|Any CPU
		{065523B8-250E-45DC-88A0-7ADE5E95BFB5}.Debug|x64.Build.0 = Debug|Any CPU
		{065523B8-250E-45DC-88A0-7ADE5E95BFB5}.Debug|x86.ActiveCfg = Debug|Any CPU
		{065523B8-250E-45DC-88A0-7ADE5E95BFB5}.Debug|x86.Build.0 = Debug|Any CPU
		{065523B8-250E-45DC-88A0-7ADE5E95BFB5}.Release|Any CPU.ActiveCfg = Release|Any CPU
		{065523B8-250E-45DC-88A0-7ADE5E95BFB5}.Release|Any CPU.Build.0 = Release|Any CPU
		{065523B8-250E-45DC-88A0-7ADE5E95BFB5}.Release|x64.ActiveCfg = Release|Any CPU
		{065523B8-250E-45DC-88A0-7ADE5E95BFB5}.Release|x64.Build.0 = Release|Any CPU
		{065523B8-250E-45DC-88A0-7ADE5E95BFB5}.Release|x86.ActiveCfg = Release|Any CPU
		{065523B8-250E-45DC-88A0-7ADE5E95BFB5}.Release|x86.Build.0 = Release|Any CPU
		{1B12170A-5AEA-4EF8-894C-07C5FD3DE8D1}.Debug|Any CPU.ActiveCfg = Debug|Any CPU
		{1B12170A-5AEA-4EF8-894C-07C5FD3DE8D1}.Debug|Any CPU.Build.0 = Debug|Any CPU
		{1B12170A-5AEA-4EF8-894C-07C5FD3DE8D1}.Debug|x64.ActiveCfg = Debug|Any CPU
		{1B12170A-5AEA-4EF8-894C-07C5FD3DE8D1}.Debug|x64.Build.0 = Debug|Any CPU
		{1B12170A-5AEA-4EF8-894C-07C5FD3DE8D1}.Debug|x86.ActiveCfg = Debug|Any CPU
		{1B12170A-5AEA-4EF8-894C-07C5FD3DE8D1}.Debug|x86.Build.0 = Debug|Any CPU
		{1B12170A-5AEA-4EF8-894C-07C5FD3DE8D1}.Release|Any CPU.ActiveCfg = Release|Any CPU
		{1B12170A-5AEA-4EF8-894C-07C5FD3DE8D1}.Release|Any CPU.Build.0 = Release|Any CPU
		{1B12170A-5AEA-4EF8-894C-07C5FD3DE8D1}.Release|x64.ActiveCfg = Release|Any CPU
		{1B12170A-5AEA-4EF8-894C-07C5FD3DE8D1}.Release|x64.Build.0 = Release|Any CPU
		{1B12170A-5AEA-4EF8-894C-07C5FD3DE8D1}.Release|x86.ActiveCfg = Release|Any CPU
		{1B12170A-5AEA-4EF8-894C-07C5FD3DE8D1}.Release|x86.Build.0 = Release|Any CPU
		{A13C8CB4-8FDD-4D0B-BCCD-3C98EDBF0679}.Debug|Any CPU.ActiveCfg = Debug|Any CPU
		{A13C8CB4-8FDD-4D0B-BCCD-3C98EDBF0679}.Debug|Any CPU.Build.0 = Debug|Any CPU
		{A13C8CB4-8FDD-4D0B-BCCD-3C98EDBF0679}.Debug|x64.ActiveCfg = Debug|Any CPU
		{A13C8CB4-8FDD-4D0B-BCCD-3C98EDBF0679}.Debug|x64.Build.0 = Debug|Any CPU
		{A13C8CB4-8FDD-4D0B-BCCD-3C98EDBF0679}.Debug|x86.ActiveCfg = Debug|Any CPU
		{A13C8CB4-8FDD-4D0B-BCCD-3C98EDBF0679}.Debug|x86.Build.0 = Debug|Any CPU
		{A13C8CB4-8FDD-4D0B-BCCD-3C98EDBF0679}.Release|Any CPU.ActiveCfg = Release|Any CPU
		{A13C8CB4-8FDD-4D0B-BCCD-3C98EDBF0679}.Release|Any CPU.Build.0 = Release|Any CPU
		{A13C8CB4-8FDD-4D0B-BCCD-3C98EDBF0679}.Release|x64.ActiveCfg = Release|Any CPU
		{A13C8CB4-8FDD-4D0B-BCCD-3C98EDBF0679}.Release|x64.Build.0 = Release|Any CPU
		{A13C8CB4-8FDD-4D0B-BCCD-3C98EDBF0679}.Release|x86.ActiveCfg = Release|Any CPU
		{A13C8CB4-8FDD-4D0B-BCCD-3C98EDBF0679}.Release|x86.Build.0 = Release|Any CPU
		{BC28B3C3-5F7B-4729-91B0-58796BC1B78B}.Debug|Any CPU.ActiveCfg = Debug|Any CPU
		{BC28B3C3-5F7B-4729-91B0-58796BC1B78B}.Debug|Any CPU.Build.0 = Debug|Any CPU
		{BC28B3C3-5F7B-4729-91B0-58796BC1B78B}.Debug|x64.ActiveCfg = Debug|Any CPU
		{BC28B3C3-5F7B-4729-91B0-58796BC1B78B}.Debug|x64.Build.0 = Debug|Any CPU
		{BC28B3C3-5F7B-4729-91B0-58796BC1B78B}.Debug|x86.ActiveCfg = Debug|Any CPU
		{BC28B3C3-5F7B-4729-91B0-58796BC1B78B}.Debug|x86.Build.0 = Debug|Any CPU
		{BC28B3C3-5F7B-4729-91B0-58796BC1B78B}.Release|Any CPU.ActiveCfg = Release|Any CPU
		{BC28B3C3-5F7B-4729-91B0-58796BC1B78B}.Release|Any CPU.Build.0 = Release|Any CPU
		{BC28B3C3-5F7B-4729-91B0-58796BC1B78B}.Release|x64.ActiveCfg = Release|Any CPU
		{BC28B3C3-5F7B-4729-91B0-58796BC1B78B}.Release|x64.Build.0 = Release|Any CPU
		{BC28B3C3-5F7B-4729-91B0-58796BC1B78B}.Release|x86.ActiveCfg = Release|Any CPU
		{BC28B3C3-5F7B-4729-91B0-58796BC1B78B}.Release|x86.Build.0 = Release|Any CPU
		{4CE08A7C-9BB6-4FB6-BA11-92EE2040C18E}.Debug|Any CPU.ActiveCfg = Debug|Any CPU
		{4CE08A7C-9BB6-4FB6-BA11-92EE2040C18E}.Debug|Any CPU.Build.0 = Debug|Any CPU
		{4CE08A7C-9BB6-4FB6-BA11-92EE2040C18E}.Debug|x64.ActiveCfg = Debug|Any CPU
		{4CE08A7C-9BB6-4FB6-BA11-92EE2040C18E}.Debug|x64.Build.0 = Debug|Any CPU
		{4CE08A7C-9BB6-4FB6-BA11-92EE2040C18E}.Debug|x86.ActiveCfg = Debug|Any CPU
		{4CE08A7C-9BB6-4FB6-BA11-92EE2040C18E}.Debug|x86.Build.0 = Debug|Any CPU
		{4CE08A7C-9BB6-4FB6-BA11-92EE2040C18E}.Release|Any CPU.ActiveCfg = Release|Any CPU
		{4CE08A7C-9BB6-4FB6-BA11-92EE2040C18E}.Release|Any CPU.Build.0 = Release|Any CPU
		{4CE08A7C-9BB6-4FB6-BA11-92EE2040C18E}.Release|x64.ActiveCfg = Release|Any CPU
		{4CE08A7C-9BB6-4FB6-BA11-92EE2040C18E}.Release|x64.Build.0 = Release|Any CPU
		{4CE08A7C-9BB6-4FB6-BA11-92EE2040C18E}.Release|x86.ActiveCfg = Release|Any CPU
		{4CE08A7C-9BB6-4FB6-BA11-92EE2040C18E}.Release|x86.Build.0 = Release|Any CPU
		{E2F6AA1F-5639-47B9-BF1D-D02669DC757F}.Debug|Any CPU.ActiveCfg = Debug|Any CPU
		{E2F6AA1F-5639-47B9-BF1D-D02669DC757F}.Debug|Any CPU.Build.0 = Debug|Any CPU
		{E2F6AA1F-5639-47B9-BF1D-D02669DC757F}.Debug|x64.ActiveCfg = Debug|Any CPU
		{E2F6AA1F-5639-47B9-BF1D-D02669DC757F}.Debug|x64.Build.0 = Debug|Any CPU
		{E2F6AA1F-5639-47B9-BF1D-D02669DC757F}.Debug|x86.ActiveCfg = Debug|Any CPU
		{E2F6AA1F-5639-47B9-BF1D-D02669DC757F}.Debug|x86.Build.0 = Debug|Any CPU
		{E2F6AA1F-5639-47B9-BF1D-D02669DC757F}.Release|Any CPU.ActiveCfg = Release|Any CPU
		{E2F6AA1F-5639-47B9-BF1D-D02669DC757F}.Release|Any CPU.Build.0 = Release|Any CPU
		{E2F6AA1F-5639-47B9-BF1D-D02669DC757F}.Release|x64.ActiveCfg = Release|Any CPU
		{E2F6AA1F-5639-47B9-BF1D-D02669DC757F}.Release|x64.Build.0 = Release|Any CPU
		{E2F6AA1F-5639-47B9-BF1D-D02669DC757F}.Release|x86.ActiveCfg = Release|Any CPU
		{E2F6AA1F-5639-47B9-BF1D-D02669DC757F}.Release|x86.Build.0 = Release|Any CPU
		{78C1C345-DFFF-48C2-9301-DB3516954E6E}.Debug|Any CPU.ActiveCfg = Debug|Any CPU
		{78C1C345-DFFF-48C2-9301-DB3516954E6E}.Debug|Any CPU.Build.0 = Debug|Any CPU
		{78C1C345-DFFF-48C2-9301-DB3516954E6E}.Debug|x64.ActiveCfg = Debug|Any CPU
		{78C1C345-DFFF-48C2-9301-DB3516954E6E}.Debug|x64.Build.0 = Debug|Any CPU
		{78C1C345-DFFF-48C2-9301-DB3516954E6E}.Debug|x86.ActiveCfg = Debug|Any CPU
		{78C1C345-DFFF-48C2-9301-DB3516954E6E}.Debug|x86.Build.0 = Debug|Any CPU
		{78C1C345-DFFF-48C2-9301-DB3516954E6E}.Release|Any CPU.ActiveCfg = Release|Any CPU
		{78C1C345-DFFF-48C2-9301-DB3516954E6E}.Release|Any CPU.Build.0 = Release|Any CPU
		{78C1C345-DFFF-48C2-9301-DB3516954E6E}.Release|x64.ActiveCfg = Release|Any CPU
		{78C1C345-DFFF-48C2-9301-DB3516954E6E}.Release|x64.Build.0 = Release|Any CPU
		{78C1C345-DFFF-48C2-9301-DB3516954E6E}.Release|x86.ActiveCfg = Release|Any CPU
		{78C1C345-DFFF-48C2-9301-DB3516954E6E}.Release|x86.Build.0 = Release|Any CPU
		{279726E7-43A5-4A50-92A1-AFA519D4D3D0}.Debug|Any CPU.ActiveCfg = Debug|Any CPU
		{279726E7-43A5-4A50-92A1-AFA519D4D3D0}.Debug|Any CPU.Build.0 = Debug|Any CPU
		{279726E7-43A5-4A50-92A1-AFA519D4D3D0}.Debug|x64.ActiveCfg = Debug|Any CPU
		{279726E7-43A5-4A50-92A1-AFA519D4D3D0}.Debug|x64.Build.0 = Debug|Any CPU
		{279726E7-43A5-4A50-92A1-AFA519D4D3D0}.Debug|x86.ActiveCfg = Debug|Any CPU
		{279726E7-43A5-4A50-92A1-AFA519D4D3D0}.Debug|x86.Build.0 = Debug|Any CPU
		{279726E7-43A5-4A50-92A1-AFA519D4D3D0}.Release|Any CPU.ActiveCfg = Release|Any CPU
		{279726E7-43A5-4A50-92A1-AFA519D4D3D0}.Release|Any CPU.Build.0 = Release|Any CPU
		{279726E7-43A5-4A50-92A1-AFA519D4D3D0}.Release|x64.ActiveCfg = Release|Any CPU
		{279726E7-43A5-4A50-92A1-AFA519D4D3D0}.Release|x64.Build.0 = Release|Any CPU
		{279726E7-43A5-4A50-92A1-AFA519D4D3D0}.Release|x86.ActiveCfg = Release|Any CPU
		{279726E7-43A5-4A50-92A1-AFA519D4D3D0}.Release|x86.Build.0 = Release|Any CPU
		{0190B08A-5C87-45FB-A0F1-DB7604C7A7F0}.Debug|Any CPU.ActiveCfg = Debug|Any CPU
		{0190B08A-5C87-45FB-A0F1-DB7604C7A7F0}.Debug|Any CPU.Build.0 = Debug|Any CPU
		{0190B08A-5C87-45FB-A0F1-DB7604C7A7F0}.Debug|x64.ActiveCfg = Debug|Any CPU
		{0190B08A-5C87-45FB-A0F1-DB7604C7A7F0}.Debug|x64.Build.0 = Debug|Any CPU
		{0190B08A-5C87-45FB-A0F1-DB7604C7A7F0}.Debug|x86.ActiveCfg = Debug|Any CPU
		{0190B08A-5C87-45FB-A0F1-DB7604C7A7F0}.Debug|x86.Build.0 = Debug|Any CPU
		{0190B08A-5C87-45FB-A0F1-DB7604C7A7F0}.Release|Any CPU.ActiveCfg = Release|Any CPU
		{0190B08A-5C87-45FB-A0F1-DB7604C7A7F0}.Release|Any CPU.Build.0 = Release|Any CPU
		{0190B08A-5C87-45FB-A0F1-DB7604C7A7F0}.Release|x64.ActiveCfg = Release|Any CPU
		{0190B08A-5C87-45FB-A0F1-DB7604C7A7F0}.Release|x64.Build.0 = Release|Any CPU
		{0190B08A-5C87-45FB-A0F1-DB7604C7A7F0}.Release|x86.ActiveCfg = Release|Any CPU
		{0190B08A-5C87-45FB-A0F1-DB7604C7A7F0}.Release|x86.Build.0 = Release|Any CPU
		{FEAA7495-B8B4-4223-8EAB-3EB878412711}.Debug|Any CPU.ActiveCfg = Debug|Any CPU
		{FEAA7495-B8B4-4223-8EAB-3EB878412711}.Debug|Any CPU.Build.0 = Debug|Any CPU
		{FEAA7495-B8B4-4223-8EAB-3EB878412711}.Debug|x64.ActiveCfg = Debug|Any CPU
		{FEAA7495-B8B4-4223-8EAB-3EB878412711}.Debug|x64.Build.0 = Debug|Any CPU
		{FEAA7495-B8B4-4223-8EAB-3EB878412711}.Debug|x86.ActiveCfg = Debug|Any CPU
		{FEAA7495-B8B4-4223-8EAB-3EB878412711}.Debug|x86.Build.0 = Debug|Any CPU
		{FEAA7495-B8B4-4223-8EAB-3EB878412711}.Release|Any CPU.ActiveCfg = Release|Any CPU
		{FEAA7495-B8B4-4223-8EAB-3EB878412711}.Release|Any CPU.Build.0 = Release|Any CPU
		{FEAA7495-B8B4-4223-8EAB-3EB878412711}.Release|x64.ActiveCfg = Release|Any CPU
		{FEAA7495-B8B4-4223-8EAB-3EB878412711}.Release|x64.Build.0 = Release|Any CPU
		{FEAA7495-B8B4-4223-8EAB-3EB878412711}.Release|x86.ActiveCfg = Release|Any CPU
		{FEAA7495-B8B4-4223-8EAB-3EB878412711}.Release|x86.Build.0 = Release|Any CPU
		{E284A506-AC5A-4A0C-A881-37A5C9FFFE29}.Debug|Any CPU.ActiveCfg = Debug|Any CPU
		{E284A506-AC5A-4A0C-A881-37A5C9FFFE29}.Debug|Any CPU.Build.0 = Debug|Any CPU
		{E284A506-AC5A-4A0C-A881-37A5C9FFFE29}.Debug|x64.ActiveCfg = Debug|Any CPU
		{E284A506-AC5A-4A0C-A881-37A5C9FFFE29}.Debug|x64.Build.0 = Debug|Any CPU
		{E284A506-AC5A-4A0C-A881-37A5C9FFFE29}.Debug|x86.ActiveCfg = Debug|Any CPU
		{E284A506-AC5A-4A0C-A881-37A5C9FFFE29}.Debug|x86.Build.0 = Debug|Any CPU
		{E284A506-AC5A-4A0C-A881-37A5C9FFFE29}.Release|Any CPU.ActiveCfg = Release|Any CPU
		{E284A506-AC5A-4A0C-A881-37A5C9FFFE29}.Release|Any CPU.Build.0 = Release|Any CPU
		{E284A506-AC5A-4A0C-A881-37A5C9FFFE29}.Release|x64.ActiveCfg = Release|Any CPU
		{E284A506-AC5A-4A0C-A881-37A5C9FFFE29}.Release|x64.Build.0 = Release|Any CPU
		{E284A506-AC5A-4A0C-A881-37A5C9FFFE29}.Release|x86.ActiveCfg = Release|Any CPU
		{E284A506-AC5A-4A0C-A881-37A5C9FFFE29}.Release|x86.Build.0 = Release|Any CPU
		{4B8188BA-7045-4C82-B8AE-90CCECC65579}.Debug|Any CPU.ActiveCfg = Debug|Any CPU
		{4B8188BA-7045-4C82-B8AE-90CCECC65579}.Debug|Any CPU.Build.0 = Debug|Any CPU
		{4B8188BA-7045-4C82-B8AE-90CCECC65579}.Debug|x64.ActiveCfg = Debug|Any CPU
		{4B8188BA-7045-4C82-B8AE-90CCECC65579}.Debug|x64.Build.0 = Debug|Any CPU
		{4B8188BA-7045-4C82-B8AE-90CCECC65579}.Debug|x86.ActiveCfg = Debug|Any CPU
		{4B8188BA-7045-4C82-B8AE-90CCECC65579}.Debug|x86.Build.0 = Debug|Any CPU
		{4B8188BA-7045-4C82-B8AE-90CCECC65579}.Release|Any CPU.ActiveCfg = Release|Any CPU
		{4B8188BA-7045-4C82-B8AE-90CCECC65579}.Release|Any CPU.Build.0 = Release|Any CPU
		{4B8188BA-7045-4C82-B8AE-90CCECC65579}.Release|x64.ActiveCfg = Release|Any CPU
		{4B8188BA-7045-4C82-B8AE-90CCECC65579}.Release|x64.Build.0 = Release|Any CPU
		{4B8188BA-7045-4C82-B8AE-90CCECC65579}.Release|x86.ActiveCfg = Release|Any CPU
		{4B8188BA-7045-4C82-B8AE-90CCECC65579}.Release|x86.Build.0 = Release|Any CPU
		{89AA2861-4D3C-487F-8FBC-6ADE1A9E0E66}.Debug|Any CPU.ActiveCfg = Debug|Any CPU
		{89AA2861-4D3C-487F-8FBC-6ADE1A9E0E66}.Debug|Any CPU.Build.0 = Debug|Any CPU
		{89AA2861-4D3C-487F-8FBC-6ADE1A9E0E66}.Debug|x64.ActiveCfg = Debug|Any CPU
		{89AA2861-4D3C-487F-8FBC-6ADE1A9E0E66}.Debug|x64.Build.0 = Debug|Any CPU
		{89AA2861-4D3C-487F-8FBC-6ADE1A9E0E66}.Debug|x86.ActiveCfg = Debug|Any CPU
		{89AA2861-4D3C-487F-8FBC-6ADE1A9E0E66}.Debug|x86.Build.0 = Debug|Any CPU
		{89AA2861-4D3C-487F-8FBC-6ADE1A9E0E66}.Release|Any CPU.ActiveCfg = Release|Any CPU
		{89AA2861-4D3C-487F-8FBC-6ADE1A9E0E66}.Release|Any CPU.Build.0 = Release|Any CPU
		{89AA2861-4D3C-487F-8FBC-6ADE1A9E0E66}.Release|x64.ActiveCfg = Release|Any CPU
		{89AA2861-4D3C-487F-8FBC-6ADE1A9E0E66}.Release|x64.Build.0 = Release|Any CPU
		{89AA2861-4D3C-487F-8FBC-6ADE1A9E0E66}.Release|x86.ActiveCfg = Release|Any CPU
		{89AA2861-4D3C-487F-8FBC-6ADE1A9E0E66}.Release|x86.Build.0 = Release|Any CPU
		{D948A84D-E243-4E62-8E98-4BEB31678523}.Debug|Any CPU.ActiveCfg = Debug|Any CPU
		{D948A84D-E243-4E62-8E98-4BEB31678523}.Debug|Any CPU.Build.0 = Debug|Any CPU
		{D948A84D-E243-4E62-8E98-4BEB31678523}.Debug|x64.ActiveCfg = Debug|Any CPU
		{D948A84D-E243-4E62-8E98-4BEB31678523}.Debug|x64.Build.0 = Debug|Any CPU
		{D948A84D-E243-4E62-8E98-4BEB31678523}.Debug|x86.ActiveCfg = Debug|Any CPU
		{D948A84D-E243-4E62-8E98-4BEB31678523}.Debug|x86.Build.0 = Debug|Any CPU
		{D948A84D-E243-4E62-8E98-4BEB31678523}.Release|Any CPU.ActiveCfg = Release|Any CPU
		{D948A84D-E243-4E62-8E98-4BEB31678523}.Release|Any CPU.Build.0 = Release|Any CPU
		{D948A84D-E243-4E62-8E98-4BEB31678523}.Release|x64.ActiveCfg = Release|Any CPU
		{D948A84D-E243-4E62-8E98-4BEB31678523}.Release|x64.Build.0 = Release|Any CPU
		{D948A84D-E243-4E62-8E98-4BEB31678523}.Release|x86.ActiveCfg = Release|Any CPU
		{D948A84D-E243-4E62-8E98-4BEB31678523}.Release|x86.Build.0 = Release|Any CPU
		{C8DC3BDD-7A83-4B12-A8B0-AAE229E77333}.Debug|Any CPU.ActiveCfg = Debug|Any CPU
		{C8DC3BDD-7A83-4B12-A8B0-AAE229E77333}.Debug|Any CPU.Build.0 = Debug|Any CPU
		{C8DC3BDD-7A83-4B12-A8B0-AAE229E77333}.Debug|x64.ActiveCfg = Debug|Any CPU
		{C8DC3BDD-7A83-4B12-A8B0-AAE229E77333}.Debug|x64.Build.0 = Debug|Any CPU
		{C8DC3BDD-7A83-4B12-A8B0-AAE229E77333}.Debug|x86.ActiveCfg = Debug|Any CPU
		{C8DC3BDD-7A83-4B12-A8B0-AAE229E77333}.Debug|x86.Build.0 = Debug|Any CPU
		{C8DC3BDD-7A83-4B12-A8B0-AAE229E77333}.Release|Any CPU.ActiveCfg = Release|Any CPU
		{C8DC3BDD-7A83-4B12-A8B0-AAE229E77333}.Release|Any CPU.Build.0 = Release|Any CPU
		{C8DC3BDD-7A83-4B12-A8B0-AAE229E77333}.Release|x64.ActiveCfg = Release|Any CPU
		{C8DC3BDD-7A83-4B12-A8B0-AAE229E77333}.Release|x64.Build.0 = Release|Any CPU
		{C8DC3BDD-7A83-4B12-A8B0-AAE229E77333}.Release|x86.ActiveCfg = Release|Any CPU
		{C8DC3BDD-7A83-4B12-A8B0-AAE229E77333}.Release|x86.Build.0 = Release|Any CPU
		{CFC03868-46F7-4318-A1EC-D969E5CC130B}.Debug|Any CPU.ActiveCfg = Debug|Any CPU
		{CFC03868-46F7-4318-A1EC-D969E5CC130B}.Debug|Any CPU.Build.0 = Debug|Any CPU
		{CFC03868-46F7-4318-A1EC-D969E5CC130B}.Debug|x64.ActiveCfg = Debug|Any CPU
		{CFC03868-46F7-4318-A1EC-D969E5CC130B}.Debug|x64.Build.0 = Debug|Any CPU
		{CFC03868-46F7-4318-A1EC-D969E5CC130B}.Debug|x86.ActiveCfg = Debug|Any CPU
		{CFC03868-46F7-4318-A1EC-D969E5CC130B}.Debug|x86.Build.0 = Debug|Any CPU
		{CFC03868-46F7-4318-A1EC-D969E5CC130B}.Release|Any CPU.ActiveCfg = Release|Any CPU
		{CFC03868-46F7-4318-A1EC-D969E5CC130B}.Release|Any CPU.Build.0 = Release|Any CPU
		{CFC03868-46F7-4318-A1EC-D969E5CC130B}.Release|x64.ActiveCfg = Release|Any CPU
		{CFC03868-46F7-4318-A1EC-D969E5CC130B}.Release|x64.Build.0 = Release|Any CPU
		{CFC03868-46F7-4318-A1EC-D969E5CC130B}.Release|x86.ActiveCfg = Release|Any CPU
		{CFC03868-46F7-4318-A1EC-D969E5CC130B}.Release|x86.Build.0 = Release|Any CPU
		{EDDAF648-3AAB-481D-B5EB-425E8DB32E48}.Debug|Any CPU.ActiveCfg = Debug|Any CPU
		{EDDAF648-3AAB-481D-B5EB-425E8DB32E48}.Debug|Any CPU.Build.0 = Debug|Any CPU
		{EDDAF648-3AAB-481D-B5EB-425E8DB32E48}.Debug|x64.ActiveCfg = Debug|Any CPU
		{EDDAF648-3AAB-481D-B5EB-425E8DB32E48}.Debug|x64.Build.0 = Debug|Any CPU
		{EDDAF648-3AAB-481D-B5EB-425E8DB32E48}.Debug|x86.ActiveCfg = Debug|Any CPU
		{EDDAF648-3AAB-481D-B5EB-425E8DB32E48}.Debug|x86.Build.0 = Debug|Any CPU
		{EDDAF648-3AAB-481D-B5EB-425E8DB32E48}.Release|Any CPU.ActiveCfg = Release|Any CPU
		{EDDAF648-3AAB-481D-B5EB-425E8DB32E48}.Release|Any CPU.Build.0 = Release|Any CPU
		{EDDAF648-3AAB-481D-B5EB-425E8DB32E48}.Release|x64.ActiveCfg = Release|Any CPU
		{EDDAF648-3AAB-481D-B5EB-425E8DB32E48}.Release|x64.Build.0 = Release|Any CPU
		{EDDAF648-3AAB-481D-B5EB-425E8DB32E48}.Release|x86.ActiveCfg = Release|Any CPU
		{EDDAF648-3AAB-481D-B5EB-425E8DB32E48}.Release|x86.Build.0 = Release|Any CPU
	EndGlobalSection
	GlobalSection(SolutionProperties) = preSolution
		HideSolutionNode = FALSE
	EndGlobalSection
	GlobalSection(NestedProjects) = preSolution
		{C2C2BC38-9FC1-4EAB-8F89-3F7E7D4B016B} = {2C235F3D-E619-4B37-9ACC-EB74C298B269}
		{3694D068-2A60-4BB3-851A-9FD559C1452D} = {9EA618C6-F98E-4238-9E91-38D590099CEC}
		{431FF328-8E76-4254-920A-440F2D916AB8} = {3694D068-2A60-4BB3-851A-9FD559C1452D}
		{4ADCDFF0-3141-4E5C-A06F-E5A9BBB2CD76} = {3694D068-2A60-4BB3-851A-9FD559C1452D}
		{011CC604-D709-4B83-90F5-98F10A478BB3} = {2C235F3D-E619-4B37-9ACC-EB74C298B269}
		{DEBC209D-8546-43D5-84A1-B0EE9130CCD0} = {011CC604-D709-4B83-90F5-98F10A478BB3}
		{3B257E2B-F66B-4E8E-BDBA-12C6D7DD3066} = {3694D068-2A60-4BB3-851A-9FD559C1452D}
		{203BEE3B-4A9E-4A85-808D-C92E2F469D83} = {011CC604-D709-4B83-90F5-98F10A478BB3}
		{2E662D08-FFD3-402E-9810-118AEFCD7606} = {3694D068-2A60-4BB3-851A-9FD559C1452D}
		{1F517F71-608D-488A-A7C6-788EBC6AE45C} = {3694D068-2A60-4BB3-851A-9FD559C1452D}
		{6C24092B-0BCC-4D90-B79D-F8DB05586CCF} = {011CC604-D709-4B83-90F5-98F10A478BB3}
		{065523B8-250E-45DC-88A0-7ADE5E95BFB5} = {3694D068-2A60-4BB3-851A-9FD559C1452D}
		{1B12170A-5AEA-4EF8-894C-07C5FD3DE8D1} = {011CC604-D709-4B83-90F5-98F10A478BB3}
		{A13C8CB4-8FDD-4D0B-BCCD-3C98EDBF0679} = {011CC604-D709-4B83-90F5-98F10A478BB3}
		{BC28B3C3-5F7B-4729-91B0-58796BC1B78B} = {3694D068-2A60-4BB3-851A-9FD559C1452D}
		{4CE08A7C-9BB6-4FB6-BA11-92EE2040C18E} = {011CC604-D709-4B83-90F5-98F10A478BB3}
		{E2F6AA1F-5639-47B9-BF1D-D02669DC757F} = {3694D068-2A60-4BB3-851A-9FD559C1452D}
		{78C1C345-DFFF-48C2-9301-DB3516954E6E} = {011CC604-D709-4B83-90F5-98F10A478BB3}
		{279726E7-43A5-4A50-92A1-AFA519D4D3D0} = {3694D068-2A60-4BB3-851A-9FD559C1452D}
		{0190B08A-5C87-45FB-A0F1-DB7604C7A7F0} = {011CC604-D709-4B83-90F5-98F10A478BB3}
		{FEAA7495-B8B4-4223-8EAB-3EB878412711} = {011CC604-D709-4B83-90F5-98F10A478BB3}
		{E284A506-AC5A-4A0C-A881-37A5C9FFFE29} = {3694D068-2A60-4BB3-851A-9FD559C1452D}
		{4B8188BA-7045-4C82-B8AE-90CCECC65579} = {011CC604-D709-4B83-90F5-98F10A478BB3}
		{89AA2861-4D3C-487F-8FBC-6ADE1A9E0E66} = {3694D068-2A60-4BB3-851A-9FD559C1452D}
		{D948A84D-E243-4E62-8E98-4BEB31678523} = {011CC604-D709-4B83-90F5-98F10A478BB3}
		{C8DC3BDD-7A83-4B12-A8B0-AAE229E77333} = {3694D068-2A60-4BB3-851A-9FD559C1452D}
		{71E9DF23-ECDA-8EC8-0636-BF9ABEC7DFF2} = {6C4D298B-81FB-2B6B-5AB6-46205EDDC72C}
		{CFC03868-46F7-4318-A1EC-D969E5CC130B} = {71E9DF23-ECDA-8EC8-0636-BF9ABEC7DFF2}
		{EDDAF648-3AAB-481D-B5EB-425E8DB32E48} = {6C4D298B-81FB-2B6B-5AB6-46205EDDC72C}
	EndGlobalSection
EndGlobal
